
Microsoft Visual Studio Solution File, Format Version 12.00
# Visual Studio Version 16
VisualStudioVersion = 16.0.29613.14
MinimumVisualStudioVersion = 10.0.40219.1
Project("{FAE04EC0-301F-11D3-BF4B-00C04F79EFBC}") = "Comercialon", "Comercialon\Comercialon.csproj", "{A57B5AA0-C9BA-4DD1-B2EF-9B110E7B337B}"
EndProject
Global
	GlobalSection(SolutionConfigurationPlatforms) = preSolution
		Debug|Any CPU = Debug|Any CPU
		Release|Any CPU = Release|Any CPU
	EndGlobalSection
	GlobalSection(ProjectConfigurationPlatforms) = postSolution
		{A57B5AA0-C9BA-4DD1-B2EF-9B110E7B337B}.Debug|Any CPU.ActiveCfg = Debug|Any CPU
		{A57B5AA0-C9BA-4DD1-B2EF-9B110E7B337B}.Debug|Any CPU.Build.0 = Debug|Any CPU
		{A57B5AA0-C9BA-4DD1-B2EF-9B110E7B337B}.Release|Any CPU.ActiveCfg = Release|Any CPU
		{A57B5AA0-C9BA-4DD1-B2EF-9B110E7B337B}.Release|Any CPU.Build.0 = Release|Any CPU
	EndGlobalSection
	GlobalSection(SolutionProperties) = preSolution
		HideSolutionNode = FALSE
	EndGlobalSection
	GlobalSection(ExtensibilityGlobals) = postSolution
		SolutionGuid = {E12DC32D-60EA-41FD-867E-40A0416229A3}
	EndGlobalSection
EndGlobal
